
Microsoft Visual Studio Solution File, Format Version 12.00
# Visual Studio 15
VisualStudioVersion = 15.0.27130.2020
MinimumVisualStudioVersion = 10.0.40219.1
Project("{FAE04EC0-301F-11D3-BF4B-00C04F79EFBC}") = "Processo-Seletivo-Zahi-Desafio-1", "Processo-Seletivo-Zahi-Desafio-1\Processo-Seletivo-Zahi-Desafio-1.csproj", "{57D259F8-9269-4FED-84E1-8274D080B8E5}"
EndProject
Global
	GlobalSection(SolutionConfigurationPlatforms) = preSolution
		Debug|Any CPU = Debug|Any CPU
		Release|Any CPU = Release|Any CPU
	EndGlobalSection
	GlobalSection(ProjectConfigurationPlatforms) = postSolution
		{57D259F8-9269-4FED-84E1-8274D080B8E5}.Debug|Any CPU.ActiveCfg = Debug|Any CPU
		{57D259F8-9269-4FED-84E1-8274D080B8E5}.Debug|Any CPU.Build.0 = Debug|Any CPU
		{57D259F8-9269-4FED-84E1-8274D080B8E5}.Release|Any CPU.ActiveCfg = Release|Any CPU
		{57D259F8-9269-4FED-84E1-8274D080B8E5}.Release|Any CPU.Build.0 = Release|Any CPU
	EndGlobalSection
	GlobalSection(SolutionProperties) = preSolution
		HideSolutionNode = FALSE
	EndGlobalSection
	GlobalSection(ExtensibilityGlobals) = postSolution
		SolutionGuid = {6E263134-1662-4324-B6FE-CDC5811F82D3}
	EndGlobalSection
EndGlobal
